<?xml version="1.0" encoding="UTF-8"?>
<Scheme
   LastUpgradeVersion = "0720"
   version = "1.3">
   <BuildAction
      parallelizeBuildables = "YES"
      buildImplicitDependencies = "YES">
      <BuildActionEntries>
         <BuildActionEntry
            buildForTesting = "YES"
            buildForRunning = "YES"
            buildForProfiling = "YES"
            buildForArchiving = "YES"
            buildForAnalyzing = "YES">
            <BuildableReference
               BuildableIdentifier = "primary"
               BlueprintIdentifier = "0B2474A41D77C428000B243D"
               BuildableName = "&#x7814;&#x7a76;_UI_UIImageAndImageView.app"
               BlueprintName = "&#x7814;&#x7a76;_UI_UIImageAndImageView"
               ReferencedContainer = "container:&#x7814;&#x7a76;_UI_UIImageAndImageView.xcodeproj">
            </BuildableReference>
         </BuildActionEntry>
      </BuildActionEntries>
   </BuildAction>
   <TestAction
      buildConfiguration = "Debug"
      selectedDebuggerIdentifier = "Xcode.DebuggerFoundation.Debugger.LLDB"
      selectedLauncherIdentifier = "Xcode.DebuggerFoundation.Launcher.LLDB"
      shouldUseLaunchSchemeArgsEnv = "YES">
      <Testables>
         <TestableReference
            skipped = "NO">
            <BuildableReference
               BuildableIdentifier = "primary"
               BlueprintIdentifier = "0B2474BD1D77C428000B243D"
               BuildableName = "&#x7814;&#x7a76;_UI_UIImageAndImageViewTests.xctest"
               BlueprintName = "&#x7814;&#x7a76;_UI_UIImageAndImageViewTests"
               ReferencedContainer = "container:&#x7814;&#x7a76;_UI_UIImageAndImageView.xcodeproj">
            </BuildableReference>
         </TestableReference>
         <TestableReference
            skipped = "NO">
            <BuildableReference
               BuildableIdentifier = "primary"
               BlueprintIdentifier = "0B2474C81D77C428000B243D"
               BuildableName = "&#x7814;&#x7a76;_UI_UIImageAndImageViewUITests.xctest"
               BlueprintName = "&#x7814;&#x7a76;_UI_UIImageAndImageViewUITests"
               ReferencedContainer = "container:&#x7814;&#x7a76;_UI_UIImageAndImageView.xcodeproj">
            </BuildableReference>
         </TestableReference>
      </Testables>
      <MacroExpansion>
         <BuildableReference
            BuildableIdentifier = "primary"
            BlueprintIdentifier = "0B2474A41D77C428000B243D"
            BuildableName = "&#x7814;&#x7a76;_UI_UIImageAndImageView.app"
            BlueprintName = "&#x7814;&#x7a76;_UI_UIImageAndImageView"
            ReferencedContainer = "container:&#x7814;&#x7a76;_UI_UIImageAndImageView.xcodeproj">
         </BuildableReference>
      </MacroExpansion>
      <AdditionalOptions>
      </AdditionalOptions>
   </TestAction>
   <LaunchAction
      buildConfiguration = "Debug"
      selectedDebuggerIdentifier = "Xcode.DebuggerFoundation.Debugger.LLDB"
      selectedLauncherIdentifier = "Xcode.DebuggerFoundation.Launcher.LLDB"
      launchStyle = "0"
      useCustomWorkingDirectory = "NO"
      ignoresPersistentStateOnLaunch = "NO"
      debugDocumentVersioning = "YES"
      debugServiceExtension = "internal"
      allowLocationSimulation = "YES">
      <BuildableProductRunnable
         runnableDebuggingMode = "0">
         <BuildableReference
            BuildableIdentifier = "primary"
            BlueprintIdentifier = "0B2474A41D77C428000B243D"
            BuildableName = "&#x7814;&#x7a76;_UI_UIImageAndImageView.app"
            BlueprintName = "&#x7814;&#x7a76;_UI_UIImageAndImageView"
            ReferencedContainer = "container:&#x7814;&#x7a76;_UI_UIImageAndImageView.xcodeproj">
         </BuildableReference>
      </BuildableProductRunnable>
      <AdditionalOptions>
      </AdditionalOptions>
   </LaunchAction>
   <ProfileAction
      buildConfiguration = "Release"
      shouldUseLaunchSchemeArgsEnv = "YES"
      savedToolIdentifier = ""
      useCustomWorkingDirectory = "NO"
      debugDocumentVersioning = "YES">
      <BuildableProductRunnable
         runnableDebuggingMode = "0">
         <BuildableReference
            BuildableIdentifier = "primary"
            BlueprintIdentifier = "0B2474A41D77C428000B243D"
            BuildableName = "&#x7814;&#x7a76;_UI_UIImageAndImageView.app"
            BlueprintName = "&#x7814;&#x7a76;_UI_UIImageAndImageView"
            ReferencedContainer = "container:&#x7814;&#x7a76;_UI_UIImageAndImageView.xcodeproj">
         </BuildableReference>
      </BuildableProductRunnable>
   </ProfileAction>
   <AnalyzeAction
      buildConfiguration = "Debug">
   </AnalyzeAction>
   <ArchiveAction
      buildConfiguration = "Release"
      revealArchiveInOrganizer = "YES">
   </ArchiveAction>
</Scheme>
