// !$*UTF8*$!
{
	archiveVersion = 1;
	classes = {
	};
	objectVersion = 46;
	objects = {

/* Begin PBXBuildFile section */
		0B28E0AA1D517F7C00F3A056 /* main.m in Sources */ = {isa = PBXBuildFile; fileRef = 0B28E0A91D517F7C00F3A056 /* main.m */; };
		0B28E0AD1D517F7C00F3A056 /* AppDelegate.m in Sources */ = {isa = PBXBuildFile; fileRef = 0B28E0AC1D517F7C00F3A056 /* AppDelegate.m */; };
		0B28E0B51D517F7C00F3A056 /* Assets.xcassets in Resources */ = {isa = PBXBuildFile; fileRef = 0B28E0B41D517F7C00F3A056 /* Assets.xcassets */; };
		0B28E0B81D517F7C00F3A056 /* LaunchScreen.storyboard in Resources */ = {isa = PBXBuildFile; fileRef = 0B28E0B61D517F7C00F3A056 /* LaunchScreen.storyboard */; };
		0B28E0C31D517F7C00F3A056 /* Demo_UI_NavigtionControllerTests.m in Sources */ = {isa = PBXBuildFile; fileRef = 0B28E0C21D517F7C00F3A056 /* Demo_UI_NavigtionControllerTests.m */; };
		0B28E0CE1D517F7C00F3A056 /* Demo_UI_NavigtionControllerUITests.m in Sources */ = {isa = PBXBuildFile; fileRef = 0B28E0CD1D517F7C00F3A056 /* Demo_UI_NavigtionControllerUITests.m */; };
		0B28E0DF1D51812F00F3A056 /* RootViewController.m in Sources */ = {isa = PBXBuildFile; fileRef = 0B28E0DD1D51812F00F3A056 /* RootViewController.m */; };
		0B28E0E01D51812F00F3A056 /* RootViewController.xib in Resources */ = {isa = PBXBuildFile; fileRef = 0B28E0DE1D51812F00F3A056 /* RootViewController.xib */; };
		0B28E0E21D51823800F3A056 /* ReadMe.rtf in Resources */ = {isa = PBXBuildFile; fileRef = 0B28E0E11D51823800F3A056 /* ReadMe.rtf */; };
		0B28E0EA1D51848500F3A056 /* BaseViewController.m in Sources */ = {isa = PBXBuildFile; fileRef = 0B28E0E91D51848500F3A056 /* BaseViewController.m */; };
		0B28E0EE1D51849700F3A056 /* SecondViewController.m in Sources */ = {isa = PBXBuildFile; fileRef = 0B28E0EC1D51849700F3A056 /* SecondViewController.m */; };
		0B28E0EF1D51849700F3A056 /* SecondViewController.xib in Resources */ = {isa = PBXBuildFile; fileRef = 0B28E0ED1D51849700F3A056 /* SecondViewController.xib */; };
		0B6372991D5C7612000D8314 /* back.png in Resources */ = {isa = PBXBuildFile; fileRef = 0B6372981D5C7612000D8314 /* back.png */; };
/* End PBXBuildFile section */

/* Begin PBXContainerItemProxy section */
		0B28E0BF1D517F7C00F3A056 /* PBXContainerItemProxy */ = {
			isa = PBXContainerItemProxy;
			containerPortal = 0B28E09D1D517F7C00F3A056 /* Project object */;
			proxyType = 1;
			remoteGlobalIDString = 0B28E0A41D517F7C00F3A056;
			remoteInfo = Demo_UI_NavigtionController;
		};
		0B28E0CA1D517F7C00F3A056 /* PBXContainerItemProxy */ = {
			isa = PBXContainerItemProxy;
			containerPortal = 0B28E09D1D517F7C00F3A056 /* Project object */;
			proxyType = 1;
			remoteGlobalIDString = 0B28E0A41D517F7C00F3A056;
			remoteInfo = Demo_UI_NavigtionController;
		};
/* End PBXContainerItemProxy section */

/* Begin PBXFileReference section */
		0B28E0A51D517F7C00F3A056 /* Demo_UI_NavigtionController.app */ = {isa = PBXFileReference; explicitFileType = wrapper.application; includeInIndex = 0; path = Demo_UI_NavigtionController.app; sourceTree = BUILT_PRODUCTS_DIR; };
		0B28E0A91D517F7C00F3A056 /* main.m */ = {isa = PBXFileReference; lastKnownFileType = sourcecode.c.objc; path = main.m; sourceTree = "<group>"; };
		0B28E0AB1D517F7C00F3A056 /* AppDelegate.h */ = {isa = PBXFileReference; lastKnownFileType = sourcecode.c.h; path = AppDelegate.h; sourceTree = "<group>"; };
		0B28E0AC1D517F7C00F3A056 /* AppDelegate.m */ = {isa = PBXFileReference; lastKnownFileType = sourcecode.c.objc; path = AppDelegate.m; sourceTree = "<group>"; };
		0B28E0B41D517F7C00F3A056 /* Assets.xcassets */ = {isa = PBXFileReference; lastKnownFileType = folder.assetcatalog; path = Assets.xcassets; sourceTree = "<group>"; };
		0B28E0B71D517F7C00F3A056 /* Base */ = {isa = PBXFileReference; lastKnownFileType = file.storyboard; name = Base; path = Base.lproj/LaunchScreen.storyboard; sourceTree = "<group>"; };
		0B28E0B91D517F7C00F3A056 /* Info.plist */ = {isa = PBXFileReference; lastKnownFileType = text.plist.xml; path = Info.plist; sourceTree = "<group>"; };
		0B28E0BE1D517F7C00F3A056 /* Demo_UI_NavigtionControllerTests.xctest */ = {isa = PBXFileReference; explicitFileType = wrapper.cfbundle; includeInIndex = 0; path = Demo_UI_NavigtionControllerTests.xctest; sourceTree = BUILT_PRODUCTS_DIR; };
		0B28E0C21D517F7C00F3A056 /* Demo_UI_NavigtionControllerTests.m */ = {isa = PBXFileReference; lastKnownFileType = sourcecode.c.objc; path = Demo_UI_NavigtionControllerTests.m; sourceTree = "<group>"; };
		0B28E0C41D517F7C00F3A056 /* Info.plist */ = {isa = PBXFileReference; lastKnownFileType = text.plist.xml; path = Info.plist; sourceTree = "<group>"; };
		0B28E0C91D517F7C00F3A056 /* Demo_UI_NavigtionControllerUITests.xctest */ = {isa = PBXFileReference; explicitFileType = wrapper.cfbundle; includeInIndex = 0; path = Demo_UI_NavigtionControllerUITests.xctest; sourceTree = BUILT_PRODUCTS_DIR; };
		0B28E0CD1D517F7C00F3A056 /* Demo_UI_NavigtionControllerUITests.m */ = {isa = PBXFileReference; lastKnownFileType = sourcecode.c.objc; path = Demo_UI_NavigtionControllerUITests.m; sourceTree = "<group>"; };
		0B28E0CF1D517F7C00F3A056 /* Info.plist */ = {isa = PBXFileReference; lastKnownFileType = text.plist.xml; path = Info.plist; sourceTree = "<group>"; };
		0B28E0DC1D51812F00F3A056 /* RootViewController.h */ = {isa = PBXFileReference; fileEncoding = 4; lastKnownFileType = sourcecode.c.h; path = RootViewController.h; sourceTree = "<group>"; };
		0B28E0DD1D51812F00F3A056 /* RootViewController.m */ = {isa = PBXFileReference; fileEncoding = 4; lastKnownFileType = sourcecode.c.objc; path = RootViewController.m; sourceTree = "<group>"; };
		0B28E0DE1D51812F00F3A056 /* RootViewController.xib */ = {isa = PBXFileReference; fileEncoding = 4; lastKnownFileType = file.xib; path = RootViewController.xib; sourceTree = "<group>"; };
		0B28E0E11D51823800F3A056 /* ReadMe.rtf */ = {isa = PBXFileReference; fileEncoding = 4; lastKnownFileType = text.rtf; path = ReadMe.rtf; sourceTree = "<group>"; };
		0B28E0E81D51848500F3A056 /* BaseViewController.h */ = {isa = PBXFileReference; fileEncoding = 4; lastKnownFileType = sourcecode.c.h; path = BaseViewController.h; sourceTree = "<group>"; };
		0B28E0E91D51848500F3A056 /* BaseViewController.m */ = {isa = PBXFileReference; fileEncoding = 4; lastKnownFileType = sourcecode.c.objc; path = BaseViewController.m; sourceTree = "<group>"; };
		0B28E0EB1D51849700F3A056 /* SecondViewController.h */ = {isa = PBXFileReference; fileEncoding = 4; lastKnownFileType = sourcecode.c.h; name = SecondViewController.h; path = ../SecondViewController.h; sourceTree = "<group>"; };
		0B28E0EC1D51849700F3A056 /* SecondViewController.m */ = {isa = PBXFileReference; fileEncoding = 4; lastKnownFileType = sourcecode.c.objc; name = SecondViewController.m; path = ../SecondViewController.m; sourceTree = "<group>"; };
		0B28E0ED1D51849700F3A056 /* SecondViewController.xib */ = {isa = PBXFileReference; fileEncoding = 4; lastKnownFileType = file.xib; name = SecondViewController.xib; path = ../SecondViewController.xib; sourceTree = "<group>"; };
		0B6372981D5C7612000D8314 /* back.png */ = {isa = PBXFileReference; lastKnownFileType = image.png; path = back.png; sourceTree = "<group>"; };
/* End PBXFileReference section */

/* Begin PBXFrameworksBuildPhase section */
		0B28E0A21D517F7C00F3A056 /* Frameworks */ = {
			isa = PBXFrameworksBuildPhase;
			buildActionMask = 2147483647;
			files = (
			);
			runOnlyForDeploymentPostprocessing = 0;
		};
		0B28E0BB1D517F7C00F3A056 /* Frameworks */ = {
			isa = PBXFrameworksBuildPhase;
			buildActionMask = 2147483647;
			files = (
			);
			runOnlyForDeploymentPostprocessing = 0;
		};
		0B28E0C61D517F7C00F3A056 /* Frameworks */ = {
			isa = PBXFrameworksBuildPhase;
			buildActionMask = 2147483647;
			files = (
			);
			runOnlyForDeploymentPostprocessing = 0;
		};
/* End PBXFrameworksBuildPhase section */

/* Begin PBXGroup section */
		0B28E09C1D517F7C00F3A056 = {
			isa = PBXGroup;
			children = (
				0B28E0A71D517F7C00F3A056 /* Demo_UI_NavigtionController */,
				0B28E0C11D517F7C00F3A056 /* Demo_UI_NavigtionControllerTests */,
				0B28E0CC1D517F7C00F3A056 /* Demo_UI_NavigtionControllerUITests */,
				0B28E0A61D517F7C00F3A056 /* Products */,
			);
			sourceTree = "<group>";
		};
		0B28E0A61D517F7C00F3A056 /* Products */ = {
			isa = PBXGroup;
			children = (
				0B28E0A51D517F7C00F3A056 /* Demo_UI_NavigtionController.app */,
				0B28E0BE1D517F7C00F3A056 /* Demo_UI_NavigtionControllerTests.xctest */,
				0B28E0C91D517F7C00F3A056 /* Demo_UI_NavigtionControllerUITests.xctest */,
			);
			name = Products;
			sourceTree = "<group>";
		};
		0B28E0A71D517F7C00F3A056 /* Demo_UI_NavigtionController */ = {
			isa = PBXGroup;
			children = (
				0B28E0DB1D51810D00F3A056 /* Classes */,
				0B28E0AB1D517F7C00F3A056 /* AppDelegate.h */,
				0B28E0AC1D517F7C00F3A056 /* AppDelegate.m */,
				0B28E0B41D517F7C00F3A056 /* Assets.xcassets */,
				0B6372981D5C7612000D8314 /* back.png */,
				0B28E0B61D517F7C00F3A056 /* LaunchScreen.storyboard */,
				0B28E0B91D517F7C00F3A056 /* Info.plist */,
				0B28E0A81D517F7C00F3A056 /* Supporting Files */,
				0B28E0E11D51823800F3A056 /* ReadMe.rtf */,
			);
			path = Demo_UI_NavigtionController;
			sourceTree = "<group>";
		};
		0B28E0A81D517F7C00F3A056 /* Supporting Files */ = {
			isa = PBXGroup;
			children = (
				0B28E0A91D517F7C00F3A056 /* main.m */,
			);
			name = "Supporting Files";
			sourceTree = "<group>";
		};
		0B28E0C11D517F7C00F3A056 /* Demo_UI_NavigtionControllerTests */ = {
			isa = PBXGroup;
			children = (
				0B28E0C21D517F7C00F3A056 /* Demo_UI_NavigtionControllerTests.m */,
				0B28E0C41D517F7C00F3A056 /* Info.plist */,
			);
			path = Demo_UI_NavigtionControllerTests;
			sourceTree = "<group>";
		};
		0B28E0CC1D517F7C00F3A056 /* Demo_UI_NavigtionControllerUITests */ = {
			isa = PBXGroup;
			children = (
				0B28E0CD1D517F7C00F3A056 /* Demo_UI_NavigtionControllerUITests.m */,
				0B28E0CF1D517F7C00F3A056 /* Info.plist */,
			);
			path = Demo_UI_NavigtionControllerUITests;
			sourceTree = "<group>";
		};
		0B28E0DB1D51810D00F3A056 /* Classes */ = {
			isa = PBXGroup;
			children = (
				0B28E0DC1D51812F00F3A056 /* RootViewController.h */,
				0B28E0DD1D51812F00F3A056 /* RootViewController.m */,
				0B28E0DE1D51812F00F3A056 /* RootViewController.xib */,
				0B28E0E81D51848500F3A056 /* BaseViewController.h */,
				0B28E0E91D51848500F3A056 /* BaseViewController.m */,
				0B28E0EB1D51849700F3A056 /* SecondViewController.h */,
				0B28E0EC1D51849700F3A056 /* SecondViewController.m */,
				0B28E0ED1D51849700F3A056 /* SecondViewController.xib */,
			);
			name = Classes;
			sourceTree = "<group>";
		};
/* End PBXGroup section */

/* Begin PBXNativeTarget section */
		0B28E0A41D517F7C00F3A056 /* Demo_UI_NavigtionController */ = {
			isa = PBXNativeTarget;
			buildConfigurationList = 0B28E0D21D517F7C00F3A056 /* Build configuration list for PBXNativeTarget "Demo_UI_NavigtionController" */;
			buildPhases = (
				0B28E0A11D517F7C00F3A056 /* Sources */,
				0B28E0A21D517F7C00F3A056 /* Frameworks */,
				0B28E0A31D517F7C00F3A056 /* Resources */,
			);
			buildRules = (
			);
			dependencies = (
			);
			name = Demo_UI_NavigtionController;
			productName = Demo_UI_NavigtionController;
			productReference = 0B28E0A51D517F7C00F3A056 /* Demo_UI_NavigtionController.app */;
			productType = "com.apple.product-type.application";
		};
		0B28E0BD1D517F7C00F3A056 /* Demo_UI_NavigtionControllerTests */ = {
			isa = PBXNativeTarget;
			buildConfigurationList = 0B28E0D51D517F7C00F3A056 /* Build configuration list for PBXNativeTarget "Demo_UI_NavigtionControllerTests" */;
			buildPhases = (
				0B28E0BA1D517F7C00F3A056 /* Sources */,
				0B28E0BB1D517F7C00F3A056 /* Frameworks */,
				0B28E0BC1D517F7C00F3A056 /* Resources */,
			);
			buildRules = (
			);
			dependencies = (
				0B28E0C01D517F7C00F3A056 /* PBXTargetDependency */,
			);
			name = Demo_UI_NavigtionControllerTests;
			productName = Demo_UI_NavigtionControllerTests;
			productReference = 0B28E0BE1D517F7C00F3A056 /* Demo_UI_NavigtionControllerTests.xctest */;
			productType = "com.apple.product-type.bundle.unit-test";
		};
		0B28E0C81D517F7C00F3A056 /* Demo_UI_NavigtionControllerUITests */ = {
			isa = PBXNativeTarget;
			buildConfigurationList = 0B28E0D81D517F7C00F3A056 /* Build configuration list for PBXNativeTarget "Demo_UI_NavigtionControllerUITests" */;
			buildPhases = (
				0B28E0C51D517F7C00F3A056 /* Sources */,
				0B28E0C61D517F7C00F3A056 /* Frameworks */,
				0B28E0C71D517F7C00F3A056 /* Resources */,
			);
			buildRules = (
			);
			dependencies = (
				0B28E0CB1D517F7C00F3A056 /* PBXTargetDependency */,
			);
			name = Demo_UI_NavigtionControllerUITests;
			productName = Demo_UI_NavigtionControllerUITests;
			productReference = 0B28E0C91D517F7C00F3A056 /* Demo_UI_NavigtionControllerUITests.xctest */;
			productType = "com.apple.product-type.bundle.ui-testing";
		};
/* End PBXNativeTarget section */

/* Begin PBXProject section */
		0B28E09D1D517F7C00F3A056 /* Project object */ = {
			isa = PBXProject;
			attributes = {
				LastUpgradeCheck = 0720;
				ORGANIZATIONNAME = "Beijing Galaxy Hangduoduo Technology Co., Ltd";
				TargetAttributes = {
					0B28E0A41D517F7C00F3A056 = {
						CreatedOnToolsVersion = 7.2;
					};
					0B28E0BD1D517F7C00F3A056 = {
						CreatedOnToolsVersion = 7.2;
						TestTargetID = 0B28E0A41D517F7C00F3A056;
					};
					0B28E0C81D517F7C00F3A056 = {
						CreatedOnToolsVersion = 7.2;
						TestTargetID = 0B28E0A41D517F7C00F3A056;
					};
				};
			};
			buildConfigurationList = 0B28E0A01D517F7C00F3A056 /* Build configuration list for PBXProject "Demo_UI_NavigtionController" */;
			compatibilityVersion = "Xcode 3.2";
			developmentRegion = English;
			hasScannedForEncodings = 0;
			knownRegions = (
				en,
				Base,
			);
			mainGroup = 0B28E09C1D517F7C00F3A056;
			productRefGroup = 0B28E0A61D517F7C00F3A056 /* Products */;
			projectDirPath = "";
			projectRoot = "";
			targets = (
				0B28E0A41D517F7C00F3A056 /* Demo_UI_NavigtionController */,
				0B28E0BD1D517F7C00F3A056 /* Demo_UI_NavigtionControllerTests */,
				0B28E0C81D517F7C00F3A056 /* Demo_UI_NavigtionControllerUITests */,
			);
		};
/* End PBXProject section */

/* Begin PBXResourcesBuildPhase section */
		0B28E0A31D517F7C00F3A056 /* Resources */ = {
			isa = PBXResourcesBuildPhase;
			buildActionMask = 2147483647;
			files = (
				0B28E0B81D517F7C00F3A056 /* LaunchScreen.storyboard in Resources */,
				0B28E0B51D517F7C00F3A056 /* Assets.xcassets in Resources */,
				0B6372991D5C7612000D8314 /* back.png in Resources */,
				0B28E0E21D51823800F3A056 /* ReadMe.rtf in Resources */,
				0B28E0E01D51812F00F3A056 /* RootViewController.xib in Resources */,
				0B28E0EF1D51849700F3A056 /* SecondViewController.xib in Resources */,
			);
			runOnlyForDeploymentPostprocessing = 0;
		};
		0B28E0BC1D517F7C00F3A056 /* Resources */ = {
			isa = PBXResourcesBuildPhase;
			buildActionMask = 2147483647;
			files = (
			);
			runOnlyForDeploymentPostprocessing = 0;
		};
		0B28E0C71D517F7C00F3A056 /* Resources */ = {
			isa = PBXResourcesBuildPhase;
			buildActionMask = 2147483647;
			files = (
			);
			runOnlyForDeploymentPostprocessing = 0;
		};
/* End PBXResourcesBuildPhase section */

/* Begin PBXSourcesBuildPhase section */
		0B28E0A11D517F7C00F3A056 /* Sources */ = {
			isa = PBXSourcesBuildPhase;
			buildActionMask = 2147483647;
			files = (
				0B28E0EE1D51849700F3A056 /* SecondViewController.m in Sources */,
				0B28E0AD1D517F7C00F3A056 /* AppDelegate.m in Sources */,
				0B28E0EA1D51848500F3A056 /* BaseViewController.m in Sources */,
				0B28E0DF1D51812F00F3A056 /* RootViewController.m in Sources */,
				0B28E0AA1D517F7C00F3A056 /* main.m in Sources */,
			);
			runOnlyForDeploymentPostprocessing = 0;
		};
		0B28E0BA1D517F7C00F3A056 /* Sources */ = {
			isa = PBXSourcesBuildPhase;
			buildActionMask = 2147483647;
			files = (
				0B28E0C31D517F7C00F3A056 /* Demo_UI_NavigtionControllerTests.m in Sources */,
			);
			runOnlyForDeploymentPostprocessing = 0;
		};
		0B28E0C51D517F7C00F3A056 /* Sources */ = {
			isa = PBXSourcesBuildPhase;
			buildActionMask = 2147483647;
			files = (
				0B28E0CE1D517F7C00F3A056 /* Demo_UI_NavigtionControllerUITests.m in Sources */,
			);
			runOnlyForDeploymentPostprocessing = 0;
		};
/* End PBXSourcesBuildPhase section */

/* Begin PBXTargetDependency section */
		0B28E0C01D517F7C00F3A056 /* PBXTargetDependency */ = {
			isa = PBXTargetDependency;
			target = 0B28E0A41D517F7C00F3A056 /* Demo_UI_NavigtionController */;
			targetProxy = 0B28E0BF1D517F7C00F3A056 /* PBXContainerItemProxy */;
		};
		0B28E0CB1D517F7C00F3A056 /* PBXTargetDependency */ = {
			isa = PBXTargetDependency;
			target = 0B28E0A41D517F7C00F3A056 /* Demo_UI_NavigtionController */;
			targetProxy = 0B28E0CA1D517F7C00F3A056 /* PBXContainerItemProxy */;
		};
/* End PBXTargetDependency section */

/* Begin PBXVariantGroup section */
		0B28E0B61D517F7C00F3A056 /* LaunchScreen.storyboard */ = {
			isa = PBXVariantGroup;
			children = (
				0B28E0B71D517F7C00F3A056 /* Base */,
			);
			name = LaunchScreen.storyboard;
			sourceTree = "<group>";
		};
/* End PBXVariantGroup section */

/* Begin XCBuildConfiguration section */
		0B28E0D01D517F7C00F3A056 /* Debug */ = {
			isa = XCBuildConfiguration;
			buildSettings = {
				ALWAYS_SEARCH_USER_PATHS = NO;
				CLANG_CXX_LANGUAGE_STANDARD = "gnu++0x";
				CLANG_CXX_LIBRARY = "libc++";
				CLANG_ENABLE_MODULES = YES;
				CLANG_ENABLE_OBJC_ARC = YES;
				CLANG_WARN_BOOL_CONVERSION = YES;
				CLANG_WARN_CONSTANT_CONVERSION = YES;
				CLANG_WARN_DIRECT_OBJC_ISA_USAGE = YES_ERROR;
				CLANG_WARN_EMPTY_BODY = YES;
				CLANG_WARN_ENUM_CONVERSION = YES;
				CLANG_WARN_INT_CONVERSION = YES;
				CLANG_WARN_OBJC_ROOT_CLASS = YES_ERROR;
				CLANG_WARN_UNREACHABLE_CODE = YES;
				CLANG_WARN__DUPLICATE_METHOD_MATCH = YES;
				"CODE_SIGN_IDENTITY[sdk=iphoneos*]" = "iPhone Developer";
				COPY_PHASE_STRIP = NO;
				DEBUG_INFORMATION_FORMAT = dwarf;
				ENABLE_STRICT_OBJC_MSGSEND = YES;
				ENABLE_TESTABILITY = YES;
				GCC_C_LANGUAGE_STANDARD = gnu99;
				GCC_DYNAMIC_NO_PIC = NO;
				GCC_NO_COMMON_BLOCKS = YES;
				GCC_OPTIMIZATION_LEVEL = 0;
				GCC_PREPROCESSOR_DEFINITIONS = (
					"DEBUG=1",
					"$(inherited)",
				);
				GCC_WARN_64_TO_32_BIT_CONVERSION = YES;
				GCC_WARN_ABOUT_RETURN_TYPE = YES_ERROR;
				GCC_WARN_UNDECLARED_SELECTOR = YES;
				GCC_WARN_UNINITIALIZED_AUTOS = YES_AGGRESSIVE;
				GCC_WARN_UNUSED_FUNCTION = YES;
				GCC_WARN_UNUSED_VARIABLE = YES;
				IPHONEOS_DEPLOYMENT_TARGET = 9.2;
				MTL_ENABLE_DEBUG_INFO = YES;
				ONLY_ACTIVE_ARCH = YES;
				SDKROOT = iphoneos;
				TARGETED_DEVICE_FAMILY = "1,2";
			};
			name = Debug;
		};
		0B28E0D11D517F7C00F3A056 /* Release */ = {
			isa = XCBuildConfiguration;
			buildSettings = {
				ALWAYS_SEARCH_USER_PATHS = NO;
				CLANG_CXX_LANGUAGE_STANDARD = "gnu++0x";
				CLANG_CXX_LIBRARY = "libc++";
				CLANG_ENABLE_MODULES = YES;
				CLANG_ENABLE_OBJC_ARC = YES;
				CLANG_WARN_BOOL_CONVERSION = YES;
				CLANG_WARN_CONSTANT_CONVERSION = YES;
				CLANG_WARN_DIRECT_OBJC_ISA_USAGE = YES_ERROR;
				CLANG_WARN_EMPTY_BODY = YES;
				CLANG_WARN_ENUM_CONVERSION = YES;
				CLANG_WARN_INT_CONVERSION = YES;
				CLANG_WARN_OBJC_ROOT_CLASS = YES_ERROR;
				CLANG_WARN_UNREACHABLE_CODE = YES;
				CLANG_WARN__DUPLICATE_METHOD_MATCH = YES;
				"CODE_SIGN_IDENTITY[sdk=iphoneos*]" = "iPhone Developer";
				COPY_PHASE_STRIP = NO;
				DEBUG_INFORMATION_FORMAT = "dwarf-with-dsym";
				ENABLE_NS_ASSERTIONS = NO;
				ENABLE_STRICT_OBJC_MSGSEND = YES;
				GCC_C_LANGUAGE_STANDARD = gnu99;
				GCC_NO_COMMON_BLOCKS = YES;
				GCC_WARN_64_TO_32_BIT_CONVERSION = YES;
				GCC_WARN_ABOUT_RETURN_TYPE = YES_ERROR;
				GCC_WARN_UNDECLARED_SELECTOR = YES;
				GCC_WARN_UNINITIALIZED_AUTOS = YES_AGGRESSIVE;
				GCC_WARN_UNUSED_FUNCTION = YES;
				GCC_WARN_UNUSED_VARIABLE = YES;
				IPHONEOS_DEPLOYMENT_TARGET = 9.2;
				MTL_ENABLE_DEBUG_INFO = NO;
				SDKROOT = iphoneos;
				TARGETED_DEVICE_FAMILY = "1,2";
				VALIDATE_PRODUCT = YES;
			};
			name = Release;
		};
		0B28E0D31D517F7C00F3A056 /* Debug */ = {
			isa = XCBuildConfiguration;
			buildSettings = {
				ASSETCATALOG_COMPILER_APPICON_NAME = AppIcon;
				INFOPLIST_FILE = Demo_UI_NavigtionController/Info.plist;
				LD_RUNPATH_SEARCH_PATHS = "$(inherited) @executable_path/Frameworks";
				PRODUCT_BUNDLE_IDENTIFIER = "bss.Demo-UI-NavigtionController";
				PRODUCT_NAME = "$(TARGET_NAME)";
			};
			name = Debug;
		};
		0B28E0D41D517F7C00F3A056 /* Release */ = {
			isa = XCBuildConfiguration;
			buildSettings = {
				ASSETCATALOG_COMPILER_APPICON_NAME = AppIcon;
				INFOPLIST_FILE = Demo_UI_NavigtionController/Info.plist;
				LD_RUNPATH_SEARCH_PATHS = "$(inherited) @executable_path/Frameworks";
				PRODUCT_BUNDLE_IDENTIFIER = "bss.Demo-UI-NavigtionController";
				PRODUCT_NAME = "$(TARGET_NAME)";
			};
			name = Release;
		};
		0B28E0D61D517F7C00F3A056 /* Debug */ = {
			isa = XCBuildConfiguration;
			buildSettings = {
				BUNDLE_LOADER = "$(TEST_HOST)";
				INFOPLIST_FILE = Demo_UI_NavigtionControllerTests/Info.plist;
				LD_RUNPATH_SEARCH_PATHS = "$(inherited) @executable_path/Frameworks @loader_path/Frameworks";
				PRODUCT_BUNDLE_IDENTIFIER = "bss.Demo-UI-NavigtionControllerTests";
				PRODUCT_NAME = "$(TARGET_NAME)";
				TEST_HOST = "$(BUILT_PRODUCTS_DIR)/Demo_UI_NavigtionController.app/Demo_UI_NavigtionController";
			};
			name = Debug;
		};
		0B28E0D71D517F7C00F3A056 /* Release */ = {
			isa = XCBuildConfiguration;
			buildSettings = {
				BUNDLE_LOADER = "$(TEST_HOST)";
				INFOPLIST_FILE = Demo_UI_NavigtionControllerTests/Info.plist;
				LD_RUNPATH_SEARCH_PATHS = "$(inherited) @executable_path/Frameworks @loader_path/Frameworks";
				PRODUCT_BUNDLE_IDENTIFIER = "bss.Demo-UI-NavigtionControllerTests";
				PRODUCT_NAME = "$(TARGET_NAME)";
				TEST_HOST = "$(BUILT_PRODUCTS_DIR)/Demo_UI_NavigtionController.app/Demo_UI_NavigtionController";
			};
			name = Release;
		};
		0B28E0D91D517F7C00F3A056 /* Debug */ = {
			isa = XCBuildConfiguration;
			buildSettings = {
				INFOPLIST_FILE = Demo_UI_NavigtionControllerUITests/Info.plist;
				LD_RUNPATH_SEARCH_PATHS = "$(inherited) @executable_path/Frameworks @loader_path/Frameworks";
				PRODUCT_BUNDLE_IDENTIFIER = "bss.Demo-UI-NavigtionControllerUITests";
				PRODUCT_NAME = "$(TARGET_NAME)";
				TEST_TARGET_NAME = Demo_UI_NavigtionController;
				USES_XCTRUNNER = YES;
			};
			name = Debug;
		};
		0B28E0DA1D517F7C00F3A056 /* Release */ = {
			isa = XCBuildConfiguration;
			buildSettings = {
				INFOPLIST_FILE = Demo_UI_NavigtionControllerUITests/Info.plist;
				LD_RUNPATH_SEARCH_PATHS = "$(inherited) @executable_path/Frameworks @loader_path/Frameworks";
				PRODUCT_BUNDLE_IDENTIFIER = "bss.Demo-UI-NavigtionControllerUITests";
				PRODUCT_NAME = "$(TARGET_NAME)";
				TEST_TARGET_NAME = Demo_UI_NavigtionController;
				USES_XCTRUNNER = YES;
			};
			name = Release;
		};
/* End XCBuildConfiguration section */

/* Begin XCConfigurationList section */
		0B28E0A01D517F7C00F3A056 /* Build configuration list for PBXProject "Demo_UI_NavigtionController" */ = {
			isa = XCConfigurationList;
			buildConfigurations = (
				0B28E0D01D517F7C00F3A056 /* Debug */,
				0B28E0D11D517F7C00F3A056 /* Release */,
			);
			defaultConfigurationIsVisible = 0;
			defaultConfigurationName = Release;
		};
		0B28E0D21D517F7C00F3A056 /* Build configuration list for PBXNativeTarget "Demo_UI_NavigtionController" */ = {
			isa = XCConfigurationList;
			buildConfigurations = (
				0B28E0D31D517F7C00F3A056 /* Debug */,
				0B28E0D41D517F7C00F3A056 /* Release */,
			);
			defaultConfigurationIsVisible = 0;
			defaultConfigurationName = Release;
		};
		0B28E0D51D517F7C00F3A056 /* Build configuration list for PBXNativeTarget "Demo_UI_NavigtionControllerTests" */ = {
			isa = XCConfigurationList;
			buildConfigurations = (
				0B28E0D61D517F7C00F3A056 /* Debug */,
				0B28E0D71D517F7C00F3A056 /* Release */,
			);
			defaultConfigurationIsVisible = 0;
			defaultConfigurationName = Release;
		};
		0B28E0D81D517F7C00F3A056 /* Build configuration list for PBXNativeTarget "Demo_UI_NavigtionControllerUITests" */ = {
			isa = XCConfigurationList;
			buildConfigurations = (
				0B28E0D91D517F7C00F3A056 /* Debug */,
				0B28E0DA1D517F7C00F3A056 /* Release */,
			);
			defaultConfigurationIsVisible = 0;
			defaultConfigurationName = Release;
		};
/* End XCConfigurationList section */
	};
	rootObject = 0B28E09D1D517F7C00F3A056 /* Project object */;
}
